
Microsoft Visual Studio Solution File, Format Version 12.00
# Visual Studio Version 17
VisualStudioVersion = 17.3.32922.545
MinimumVisualStudioVersion = 10.0.40219.1
Project("{FAE04EC0-301F-11D3-BF4B-00C04F79EFBC}") = "Asteroids_NeoWs-info.Android", "Asteroids_NeoWs-info\Asteroids_NeoWs-info.Android\Asteroids_NeoWs-info.Android.csproj", "{D81DF6C6-9C38-4AAF-83E7-B72A58570DE0}"
EndProject
Project("{FAE04EC0-301F-11D3-BF4B-00C04F79EFBC}") = "Asteroids_NeoWs-info", "Asteroids_NeoWs-info\Asteroids_NeoWs-info\Asteroids_NeoWs-info.csproj", "{1BD41A97-9C14-4C50-B423-50D0844B5CD8}"
EndProject
Global
	GlobalSection(SolutionConfigurationPlatforms) = preSolution
		Debug|Any CPU = Debug|Any CPU
		Release|Any CPU = Release|Any CPU
	EndGlobalSection
	GlobalSection(ProjectConfigurationPlatforms) = postSolution
		{D81DF6C6-9C38-4AAF-83E7-B72A58570DE0}.Debug|Any CPU.ActiveCfg = Debug|Any CPU
		{D81DF6C6-9C38-4AAF-83E7-B72A58570DE0}.Debug|Any CPU.Build.0 = Debug|Any CPU
		{D81DF6C6-9C38-4AAF-83E7-B72A58570DE0}.Debug|Any CPU.Deploy.0 = Debug|Any CPU
		{D81DF6C6-9C38-4AAF-83E7-B72A58570DE0}.Release|Any CPU.ActiveCfg = Release|Any CPU
		{D81DF6C6-9C38-4AAF-83E7-B72A58570DE0}.Release|Any CPU.Build.0 = Release|Any CPU
		{D81DF6C6-9C38-4AAF-83E7-B72A58570DE0}.Release|Any CPU.Deploy.0 = Release|Any CPU
		{1BD41A97-9C14-4C50-B423-50D0844B5CD8}.Debug|Any CPU.ActiveCfg = Debug|Any CPU
		{1BD41A97-9C14-4C50-B423-50D0844B5CD8}.Debug|Any CPU.Build.0 = Debug|Any CPU
		{1BD41A97-9C14-4C50-B423-50D0844B5CD8}.Debug|Any CPU.Deploy.0 = Debug|Any CPU
		{1BD41A97-9C14-4C50-B423-50D0844B5CD8}.Release|Any CPU.ActiveCfg = Release|Any CPU
		{1BD41A97-9C14-4C50-B423-50D0844B5CD8}.Release|Any CPU.Build.0 = Release|Any CPU
		{1BD41A97-9C14-4C50-B423-50D0844B5CD8}.Release|Any CPU.Deploy.0 = Release|Any CPU
	EndGlobalSection
	GlobalSection(SolutionProperties) = preSolution
		HideSolutionNode = FALSE
	EndGlobalSection
	GlobalSection(ExtensibilityGlobals) = postSolution
		SolutionGuid = {597B6223-3CAD-4633-80DE-5F83C95F7131}
	EndGlobalSection
EndGlobal
